// !$*UTF8*$!
{
	archiveVersion = 1;
	classes = {
	};
	objectVersion = 46;
	objects = {

/* Begin PBXBuildFile section */
		BCA730EB19E190FB00E68DF4 /* AppDelegate.swift in Sources */ = {isa = PBXBuildFile; fileRef = BCA730EA19E190FB00E68DF4 /* AppDelegate.swift */; };
		BCA730EE19E190FB00E68DF4 /* Timing.xcdatamodeld in Sources */ = {isa = PBXBuildFile; fileRef = BCA730EC19E190FB00E68DF4 /* Timing.xcdatamodeld */; };
		BCA730F019E190FB00E68DF4 /* Images.xcassets in Resources */ = {isa = PBXBuildFile; fileRef = BCA730EF19E190FB00E68DF4 /* Images.xcassets */; };
		BCA730F319E190FB00E68DF4 /* LaunchScreen.xib in Resources */ = {isa = PBXBuildFile; fileRef = BCA730F119E190FB00E68DF4 /* LaunchScreen.xib */; };
		BCA730FF19E190FB00E68DF4 /* TimingTests.swift in Sources */ = {isa = PBXBuildFile; fileRef = BCA730FE19E190FB00E68DF4 /* TimingTests.swift */; };
		BCA7310A19E1925700E68DF4 /* TMViewController.swift in Sources */ = {isa = PBXBuildFile; fileRef = BCA7310819E1925700E68DF4 /* TMViewController.swift */; };
		BCA7310B19E1925700E68DF4 /* TMViewController.xib in Resources */ = {isa = PBXBuildFile; fileRef = BCA7310919E1925700E68DF4 /* TMViewController.xib */; };
/* End PBXBuildFile section */

/* Begin PBXContainerItemProxy section */
		BCA730F919E190FB00E68DF4 /* PBXContainerItemProxy */ = {
			isa = PBXContainerItemProxy;
			containerPortal = BCA730DD19E190FB00E68DF4 /* Project object */;
			proxyType = 1;
			remoteGlobalIDString = BCA730E419E190FB00E68DF4;
			remoteInfo = Timing;
		};
/* End PBXContainerItemProxy section */

/* Begin PBXFileReference section */
		BCA730E519E190FB00E68DF4 /* Timing.app */ = {isa = PBXFileReference; explicitFileType = wrapper.application; includeInIndex = 0; path = Timing.app; sourceTree = BUILT_PRODUCTS_DIR; };
		BCA730E919E190FB00E68DF4 /* Info.plist */ = {isa = PBXFileReference; lastKnownFileType = text.plist.xml; path = Info.plist; sourceTree = "<group>"; };
		BCA730EA19E190FB00E68DF4 /* AppDelegate.swift */ = {isa = PBXFileReference; lastKnownFileType = sourcecode.swift; path = AppDelegate.swift; sourceTree = "<group>"; };
		BCA730ED19E190FB00E68DF4 /* Timing.xcdatamodel */ = {isa = PBXFileReference; lastKnownFileType = wrapper.xcdatamodel; path = Timing.xcdatamodel; sourceTree = "<group>"; };
		BCA730EF19E190FB00E68DF4 /* Images.xcassets */ = {isa = PBXFileReference; lastKnownFileType = folder.assetcatalog; path = Images.xcassets; sourceTree = "<group>"; };
		BCA730F219E190FB00E68DF4 /* Base */ = {isa = PBXFileReference; lastKnownFileType = file.xib; name = Base; path = Base.lproj/LaunchScreen.xib; sourceTree = "<group>"; };
		BCA730F819E190FB00E68DF4 /* TimingTests.xctest */ = {isa = PBXFileReference; explicitFileType = wrapper.cfbundle; includeInIndex = 0; path = TimingTests.xctest; sourceTree = BUILT_PRODUCTS_DIR; };
		BCA730FD19E190FB00E68DF4 /* Info.plist */ = {isa = PBXFileReference; lastKnownFileType = text.plist.xml; path = Info.plist; sourceTree = "<group>"; };
		BCA730FE19E190FB00E68DF4 /* TimingTests.swift */ = {isa = PBXFileReference; lastKnownFileType = sourcecode.swift; path = TimingTests.swift; sourceTree = "<group>"; };
		BCA7310819E1925700E68DF4 /* TMViewController.swift */ = {isa = PBXFileReference; fileEncoding = 4; lastKnownFileType = sourcecode.swift; path = TMViewController.swift; sourceTree = "<group>"; };
		BCA7310919E1925700E68DF4 /* TMViewController.xib */ = {isa = PBXFileReference; fileEncoding = 4; lastKnownFileType = file.xib; path = TMViewController.xib; sourceTree = "<group>"; };
/* End PBXFileReference section */

/* Begin PBXFrameworksBuildPhase section */
		BCA730E219E190FB00E68DF4 /* Frameworks */ = {
			isa = PBXFrameworksBuildPhase;
			buildActionMask = 2147483647;
			files = (
			);
			runOnlyForDeploymentPostprocessing = 0;
		};
		BCA730F519E190FB00E68DF4 /* Frameworks */ = {
			isa = PBXFrameworksBuildPhase;
			buildActionMask = 2147483647;
			files = (
			);
			runOnlyForDeploymentPostprocessing = 0;
		};
/* End PBXFrameworksBuildPhase section */

/* Begin PBXGroup section */
		BCA730DC19E190FB00E68DF4 = {
			isa = PBXGroup;
			children = (
				BCA730E719E190FB00E68DF4 /* Timing */,
				BCA730FB19E190FB00E68DF4 /* TimingTests */,
				BCA730E619E190FB00E68DF4 /* Products */,
			);
			sourceTree = "<group>";
		};
		BCA730E619E190FB00E68DF4 /* Products */ = {
			isa = PBXGroup;
			children = (
				BCA730E519E190FB00E68DF4 /* Timing.app */,
				BCA730F819E190FB00E68DF4 /* TimingTests.xctest */,
			);
			name = Products;
			sourceTree = "<group>";
		};
		BCA730E719E190FB00E68DF4 /* Timing */ = {
			isa = PBXGroup;
			children = (
				BCA7310C19E1925F00E68DF4 /* ViewControllers */,
				BCA730EA19E190FB00E68DF4 /* AppDelegate.swift */,
				BCA730EF19E190FB00E68DF4 /* Images.xcassets */,
				BCA730F119E190FB00E68DF4 /* LaunchScreen.xib */,
				BCA730EC19E190FB00E68DF4 /* Timing.xcdatamodeld */,
				BCA730E819E190FB00E68DF4 /* Supporting Files */,
			);
			path = Timing;
			sourceTree = "<group>";
		};
		BCA730E819E190FB00E68DF4 /* Supporting Files */ = {
			isa = PBXGroup;
			children = (
				BCA730E919E190FB00E68DF4 /* Info.plist */,
			);
			name = "Supporting Files";
			sourceTree = "<group>";
		};
		BCA730FB19E190FB00E68DF4 /* TimingTests */ = {
			isa = PBXGroup;
			children = (
				BCA730FE19E190FB00E68DF4 /* TimingTests.swift */,
				BCA730FC19E190FB00E68DF4 /* Supporting Files */,
			);
			path = TimingTests;
			sourceTree = "<group>";
		};
		BCA730FC19E190FB00E68DF4 /* Supporting Files */ = {
			isa = PBXGroup;
			children = (
				BCA730FD19E190FB00E68DF4 /* Info.plist */,
			);
			name = "Supporting Files";
			sourceTree = "<group>";
		};
		BCA7310C19E1925F00E68DF4 /* ViewControllers */ = {
			isa = PBXGroup;
			children = (
				BCA7310D19E1926B00E68DF4 /* TMViewController */,
			);
			name = ViewControllers;
			sourceTree = "<group>";
		};
		BCA7310D19E1926B00E68DF4 /* TMViewController */ = {
			isa = PBXGroup;
			children = (
				BCA7310819E1925700E68DF4 /* TMViewController.swift */,
				BCA7310919E1925700E68DF4 /* TMViewController.xib */,
			);
			name = TMViewController;
			sourceTree = "<group>";
		};
/* End PBXGroup section */

/* Begin PBXNativeTarget section */
		BCA730E419E190FB00E68DF4 /* Timing */ = {
			isa = PBXNativeTarget;
			buildConfigurationList = BCA7310219E190FB00E68DF4 /* Build configuration list for PBXNativeTarget "Timing" */;
			buildPhases = (
				BCA730E119E190FB00E68DF4 /* Sources */,
				BCA730E219E190FB00E68DF4 /* Frameworks */,
				BCA730E319E190FB00E68DF4 /* Resources */,
			);
			buildRules = (
			);
			dependencies = (
			);
			name = Timing;
			productName = Timing;
			productReference = BCA730E519E190FB00E68DF4 /* Timing.app */;
			productType = "com.apple.product-type.application";
		};
		BCA730F719E190FB00E68DF4 /* TimingTests */ = {
			isa = PBXNativeTarget;
			buildConfigurationList = BCA7310519E190FB00E68DF4 /* Build configuration list for PBXNativeTarget "TimingTests" */;
			buildPhases = (
				BCA730F419E190FB00E68DF4 /* Sources */,
				BCA730F519E190FB00E68DF4 /* Frameworks */,
				BCA730F619E190FB00E68DF4 /* Resources */,
			);
			buildRules = (
			);
			dependencies = (
				BCA730FA19E190FB00E68DF4 /* PBXTargetDependency */,
			);
			name = TimingTests;
			productName = TimingTests;
			productReference = BCA730F819E190FB00E68DF4 /* TimingTests.xctest */;
			productType = "com.apple.product-type.bundle.unit-test";
		};
/* End PBXNativeTarget section */

/* Begin PBXProject section */
		BCA730DD19E190FB00E68DF4 /* Project object */ = {
			isa = PBXProject;
			attributes = {
				LastUpgradeCheck = 0610;
				ORGANIZATIONNAME = Rflpz;
				TargetAttributes = {
					BCA730E419E190FB00E68DF4 = {
						CreatedOnToolsVersion = 6.1;
					};
					BCA730F719E190FB00E68DF4 = {
						CreatedOnToolsVersion = 6.1;
						TestTargetID = BCA730E419E190FB00E68DF4;
					};
				};
			};
			buildConfigurationList = BCA730E019E190FB00E68DF4 /* Build configuration list for PBXProject "Timing" */;
			compatibilityVersion = "Xcode 3.2";
			developmentRegion = English;
			hasScannedForEncodings = 0;
			knownRegions = (
				en,
				Base,
			);
			mainGroup = BCA730DC19E190FB00E68DF4;
			productRefGroup = BCA730E619E190FB00E68DF4 /* Products */;
			projectDirPath = "";
			projectRoot = "";
			targets = (
				BCA730E419E190FB00E68DF4 /* Timing */,
				BCA730F719E190FB00E68DF4 /* TimingTests */,
			);
		};
/* End PBXProject section */

/* Begin PBXResourcesBuildPhase section */
		BCA730E319E190FB00E68DF4 /* Resources */ = {
			isa = PBXResourcesBuildPhase;
			buildActionMask = 2147483647;
			files = (
				BCA730F319E190FB00E68DF4 /* LaunchScreen.xib in Resources */,
				BCA7310B19E1925700E68DF4 /* TMViewController.xib in Resources */,
				BCA730F019E190FB00E68DF4 /* Images.xcassets in Resources */,
			);
			runOnlyForDeploymentPostprocessing = 0;
		};
		BCA730F619E190FB00E68DF4 /* Resources */ = {
			isa = PBXResourcesBuildPhase;
			buildActionMask = 2147483647;
			files = (
			);
			runOnlyForDeploymentPostprocessing = 0;
		};
/* End PBXResourcesBuildPhase section */

/* Begin PBXSourcesBuildPhase section */
		BCA730E119E190FB00E68DF4 /* Sources */ = {
			isa = PBXSourcesBuildPhase;
			buildActionMask = 2147483647;
			files = (
				BCA730EB19E190FB00E68DF4 /* AppDelegate.swift in Sources */,
				BCA7310A19E1925700E68DF4 /* TMViewController.swift in Sources */,
				BCA730EE19E190FB00E68DF4 /* Timing.xcdatamodeld in Sources */,
			);
			runOnlyForDeploymentPostprocessing = 0;
		};
		BCA730F419E190FB00E68DF4 /* Sources */ = {
			isa = PBXSourcesBuildPhase;
			buildActionMask = 2147483647;
			files = (
				BCA730FF19E190FB00E68DF4 /* TimingTests.swift in Sources */,
			);
			runOnlyForDeploymentPostprocessing = 0;
		};
/* End PBXSourcesBuildPhase section */

/* Begin PBXTargetDependency section */
		BCA730FA19E190FB00E68DF4 /* PBXTargetDependency */ = {
			isa = PBXTargetDependency;
			target = BCA730E419E190FB00E68DF4 /* Timing */;
			targetProxy = BCA730F919E190FB00E68DF4 /* PBXContainerItemProxy */;
		};
/* End PBXTargetDependency section */

/* Begin PBXVariantGroup section */
		BCA730F119E190FB00E68DF4 /* LaunchScreen.xib */ = {
			isa = PBXVariantGroup;
			children = (
				BCA730F219E190FB00E68DF4 /* Base */,
			);
			name = LaunchScreen.xib;
			sourceTree = "<group>";
		};
/* End PBXVariantGroup section */

/* Begin XCBuildConfiguration section */
		BCA7310019E190FB00E68DF4 /* Debug */ = {
			isa = XCBuildConfiguration;
			buildSettings = {
				ALWAYS_SEARCH_USER_PATHS = NO;
				CLANG_CXX_LANGUAGE_STANDARD = "gnu++0x";
				CLANG_CXX_LIBRARY = "libc++";
				CLANG_ENABLE_MODULES = YES;
				CLANG_ENABLE_OBJC_ARC = YES;
				CLANG_WARN_BOOL_CONVERSION = YES;
				CLANG_WARN_CONSTANT_CONVERSION = YES;
				CLANG_WARN_DIRECT_OBJC_ISA_USAGE = YES_ERROR;
				CLANG_WARN_EMPTY_BODY = YES;
				CLANG_WARN_ENUM_CONVERSION = YES;
				CLANG_WARN_INT_CONVERSION = YES;
				CLANG_WARN_OBJC_ROOT_CLASS = YES_ERROR;
				CLANG_WARN_UNREACHABLE_CODE = YES;
				CLANG_WARN__DUPLICATE_METHOD_MATCH = YES;
				"CODE_SIGN_IDENTITY[sdk=iphoneos*]" = "iPhone Developer";
				COPY_PHASE_STRIP = NO;
				ENABLE_STRICT_OBJC_MSGSEND = YES;
				GCC_C_LANGUAGE_STANDARD = gnu99;
				GCC_DYNAMIC_NO_PIC = NO;
				GCC_OPTIMIZATION_LEVEL = 0;
				GCC_PREPROCESSOR_DEFINITIONS = (
					"DEBUG=1",
					"$(inherited)",
				);
				GCC_SYMBOLS_PRIVATE_EXTERN = NO;
				GCC_WARN_64_TO_32_BIT_CONVERSION = YES;
				GCC_WARN_ABOUT_RETURN_TYPE = YES_ERROR;
				GCC_WARN_UNDECLARED_SELECTOR = YES;
				GCC_WARN_UNINITIALIZED_AUTOS = YES_AGGRESSIVE;
				GCC_WARN_UNUSED_FUNCTION = YES;
				GCC_WARN_UNUSED_VARIABLE = YES;
				IPHONEOS_DEPLOYMENT_TARGET = 8.0;
				MTL_ENABLE_DEBUG_INFO = YES;
				ONLY_ACTIVE_ARCH = YES;
				SDKROOT = iphoneos;
				SWIFT_OPTIMIZATION_LEVEL = "-Onone";
				TARGETED_DEVICE_FAMILY = "1,2";
			};
			name = Debug;
		};
		BCA7310119E190FB00E68DF4 /* Release */ = {
			isa = XCBuildConfiguration;
			buildSettings = {
				ALWAYS_SEARCH_USER_PATHS = NO;
				CLANG_CXX_LANGUAGE_STANDARD = "gnu++0x";
				CLANG_CXX_LIBRARY = "libc++";
				CLANG_ENABLE_MODULES = YES;
				CLANG_ENABLE_OBJC_ARC = YES;
				CLANG_WARN_BOOL_CONVERSION = YES;
				CLANG_WARN_CONSTANT_CONVERSION = YES;
				CLANG_WARN_DIRECT_OBJC_ISA_USAGE = YES_ERROR;
				CLANG_WARN_EMPTY_BODY = YES;
				CLANG_WARN_ENUM_CONVERSION = YES;
				CLANG_WARN_INT_CONVERSION = YES;
				CLANG_WARN_OBJC_ROOT_CLASS = YES_ERROR;
				CLANG_WARN_UNREACHABLE_CODE = YES;
				CLANG_WARN__DUPLICATE_METHOD_MATCH = YES;
				"CODE_SIGN_IDENTITY[sdk=iphoneos*]" = "iPhone Developer";
				COPY_PHASE_STRIP = YES;
				ENABLE_NS_ASSERTIONS = NO;
				ENABLE_STRICT_OBJC_MSGSEND = YES;
				GCC_C_LANGUAGE_STANDARD = gnu99;
				GCC_WARN_64_TO_32_BIT_CONVERSION = YES;
				GCC_WARN_ABOUT_RETURN_TYPE = YES_ERROR;
				GCC_WARN_UNDECLARED_SELECTOR = YES;
				GCC_WARN_UNINITIALIZED_AUTOS = YES_AGGRESSIVE;
				GCC_WARN_UNUSED_FUNCTION = YES;
				GCC_WARN_UNUSED_VARIABLE = YES;
				IPHONEOS_DEPLOYMENT_TARGET = 8.0;
				MTL_ENABLE_DEBUG_INFO = NO;
				SDKROOT = iphoneos;
				TARGETED_DEVICE_FAMILY = "1,2";
				VALIDATE_PRODUCT = YES;
			};
			name = Release;
		};
		BCA7310319E190FB00E68DF4 /* Debug */ = {
			isa = XCBuildConfiguration;
			buildSettings = {
				ASSETCATALOG_COMPILER_APPICON_NAME = AppIcon;
				INFOPLIST_FILE = Timing/Info.plist;
				LD_RUNPATH_SEARCH_PATHS = "$(inherited) @executable_path/Frameworks";
				PRODUCT_NAME = "$(TARGET_NAME)";
			};
			name = Debug;
		};
		BCA7310419E190FB00E68DF4 /* Release */ = {
			isa = XCBuildConfiguration;
			buildSettings = {
				ASSETCATALOG_COMPILER_APPICON_NAME = AppIcon;
				INFOPLIST_FILE = Timing/Info.plist;
				LD_RUNPATH_SEARCH_PATHS = "$(inherited) @executable_path/Frameworks";
				PRODUCT_NAME = "$(TARGET_NAME)";
			};
			name = Release;
		};
		BCA7310619E190FB00E68DF4 /* Debug */ = {
			isa = XCBuildConfiguration;
			buildSettings = {
				BUNDLE_LOADER = "$(TEST_HOST)";
				FRAMEWORK_SEARCH_PATHS = (
					"$(SDKROOT)/Developer/Library/Frameworks",
					"$(inherited)",
				);
				GCC_PREPROCESSOR_DEFINITIONS = (
					"DEBUG=1",
					"$(inherited)",
				);
				INFOPLIST_FILE = TimingTests/Info.plist;
				LD_RUNPATH_SEARCH_PATHS = "$(inherited) @executable_path/Frameworks @loader_path/Frameworks";
				PRODUCT_NAME = "$(TARGET_NAME)";
				TEST_HOST = "$(BUILT_PRODUCTS_DIR)/Timing.app/Timing";
			};
			name = Debug;
		};
		BCA7310719E190FB00E68DF4 /* Release */ = {
			isa = XCBuildConfiguration;
			buildSettings = {
				BUNDLE_LOADER = "$(TEST_HOST)";
				FRAMEWORK_SEARCH_PATHS = (
					"$(SDKROOT)/Developer/Library/Frameworks",
					"$(inherited)",
				);
				INFOPLIST_FILE = TimingTests/Info.plist;
				LD_RUNPATH_SEARCH_PATHS = "$(inherited) @executable_path/Frameworks @loader_path/Frameworks";
				PRODUCT_NAME = "$(TARGET_NAME)";
				TEST_HOST = "$(BUILT_PRODUCTS_DIR)/Timing.app/Timing";
			};
			name = Release;
		};
/* End XCBuildConfiguration section */

/* Begin XCConfigurationList section */
		BCA730E019E190FB00E68DF4 /* Build configuration list for PBXProject "Timing" */ = {
			isa = XCConfigurationList;
			buildConfigurations = (
				BCA7310019E190FB00E68DF4 /* Debug */,
				BCA7310119E190FB00E68DF4 /* Release */,
			);
			defaultConfigurationIsVisible = 0;
			defaultConfigurationName = Release;
		};
		BCA7310219E190FB00E68DF4 /* Build configuration list for PBXNativeTarget "Timing" */ = {
			isa = XCConfigurationList;
			buildConfigurations = (
				BCA7310319E190FB00E68DF4 /* Debug */,
				BCA7310419E190FB00E68DF4 /* Release */,
			);
			defaultConfigurationIsVisible = 0;
			defaultConfigurationName = Release;
		};
		BCA7310519E190FB00E68DF4 /* Build configuration list for PBXNativeTarget "TimingTests" */ = {
			isa = XCConfigurationList;
			buildConfigurations = (
				BCA7310619E190FB00E68DF4 /* Debug */,
				BCA7310719E190FB00E68DF4 /* Release */,
			);
			defaultConfigurationIsVisible = 0;
			defaultConfigurationName = Release;
		};
/* End XCConfigurationList section */

/* Begin XCVersionGroup section */
		BCA730EC19E190FB00E68DF4 /* Timing.xcdatamodeld */ = {
			isa = XCVersionGroup;
			children = (
				BCA730ED19E190FB00E68DF4 /* Timing.xcdatamodel */,
			);
			currentVersion = BCA730ED19E190FB00E68DF4 /* Timing.xcdatamodel */;
			path = Timing.xcdatamodeld;
			sourceTree = "<group>";
			versionGroupType = wrapper.xcdatamodel;
		};
/* End XCVersionGroup section */
	};
	rootObject = BCA730DD19E190FB00E68DF4 /* Project object */;
}
